{
  "version": 4,
  "terraform_version": "0.12.24",
  "serial": 55,
  "lineage": "3e18767a-4985-5d6c-ddce-c208c0500300",
  "outputs": {},
  "resources": [
    {
      "mode": "managed",
      "type": "aws_ebs_volume",
      "name": "gr-ebc",
      "provider": "provider.aws",
      "instances": [
        {
          "schema_version": 0,
          "attributes": {
            "arn": "arn:aws:ec2:us-east-1:192139457125:volume/vol-07bd860ef427ff178",
            "availability_zone": "us-east-1a",
            "encrypted": false,
            "id": "vol-07bd860ef427ff178",
            "iops": 100,
            "kms_key_id": "",
            "multi_attach_enabled": false,
            "outpost_arn": "",
            "size": 1,
            "snapshot_id": "",
            "tags": null,
            "throughput": 0,
            "type": "gp2"
          },
          "private": "bnVsbA=="
        }
      ]
    },
    {
      "mode": "managed",
      "type": "aws_eip",
      "name": "eip-gr",
      "provider": "provider.aws",
      "instances": [
        {
          "schema_version": 0,
          "attributes": {
            "allocation_id": null,
            "associate_with_private_ip": null,
            "association_id": "eipassoc-09e2cd311ad25d690",
            "carrier_ip": "",
            "customer_owned_ip": "",
            "customer_owned_ipv4_pool": "",
            "domain": "vpc",
            "id": "eipalloc-0eec552a8280bd07a",
            "instance": "i-0ee1fdbad4d17c513",
            "network_border_group": "us-east-1",
            "network_interface": "eni-067d8a086d107fa17",
            "private_dns": "ip-10-0-200-243.ec2.internal",
            "private_ip": "10.0.200.243",
            "public_dns": "ec2-54-156-47-91.compute-1.amazonaws.com",
            "public_ip": "54.156.47.91",
            "public_ipv4_pool": "amazon",
            "tags": null,
            "timeouts": null,
            "vpc": true
          },
          "private": "eyJlMmJmYjczMC1lY2FhLTExZTYtOGY4OC0zNDM2M2JjN2M0YzAiOnsiZGVsZXRlIjoxODAwMDAwMDAwMDAsInJlYWQiOjkwMDAwMDAwMDAwMCwidXBkYXRlIjozMDAwMDAwMDAwMDB9fQ==",
          "dependencies": [
            "aws_instance.gr-instance",
            "aws_security_group.ec2-sec-group",
            "aws_subnet.gr-subnet-1",
            "aws_vpc.gr-vpc"
          ]
        }
      ]
    },
    {
      "mode": "managed",
      "type": "aws_instance",
      "name": "gr-instance",
      "provider": "provider.aws",
      "instances": [
        {
          "schema_version": 1,
          "attributes": {
            "ami": "ami-05fa00d4c63e32376",
            "arn": "arn:aws:ec2:us-east-1:192139457125:instance/i-0ee1fdbad4d17c513",
            "associate_public_ip_address": false,
            "availability_zone": "us-east-1a",
            "cpu_core_count": 1,
            "cpu_threads_per_core": 1,
            "credit_specification": [
              {
                "cpu_credits": "standard"
              }
            ],
            "disable_api_termination": false,
            "ebs_block_device": [],
            "ebs_optimized": false,
            "enclave_options": [
              {
                "enabled": false
              }
            ],
            "ephemeral_block_device": [],
            "get_password_data": false,
            "hibernation": false,
            "host_id": null,
            "iam_instance_profile": "",
            "id": "i-0ee1fdbad4d17c513",
            "instance_initiated_shutdown_behavior": null,
            "instance_state": "running",
            "instance_type": "t2.micro",
            "ipv6_address_count": 0,
            "ipv6_addresses": [],
            "key_name": "gr_key_pair",
            "metadata_options": [
              {
                "http_endpoint": "enabled",
                "http_put_response_hop_limit": 1,
                "http_tokens": "optional"
              }
            ],
            "monitoring": false,
            "network_interface": [],
            "outpost_arn": "",
            "password_data": "",
            "placement_group": "",
            "primary_network_interface_id": "eni-067d8a086d107fa17",
            "private_dns": "ip-10-0-200-243.ec2.internal",
            "private_ip": "10.0.200.243",
            "public_dns": "",
            "public_ip": "",
            "root_block_device": [
              {
                "delete_on_termination": true,
                "device_name": "/dev/xvda",
                "encrypted": false,
                "iops": 100,
                "kms_key_id": "",
                "tags": {},
                "throughput": 0,
                "volume_id": "vol-0972691c09abcd328",
                "volume_size": 8,
                "volume_type": "gp2"
              }
            ],
            "secondary_private_ips": [],
            "security_groups": [],
            "source_dest_check": true,
            "subnet_id": "subnet-01af4bf1c2649b804",
            "tags": {
              "Name": "gr-instance"
            },
            "tenancy": "default",
            "timeouts": null,
            "user_data": null,
            "user_data_base64": "IyEvYmluL2Jhc2gKZWNobyAiPGh0bWw+PGhlYWQ+PHRpdGxlPkhlbGxvIFdvcmxkPC90aXRsZT48L2hlYWQ+PGJvZHk+PGgxPkhlbGxvIFdvcmxkITwvaDE+PC9ib2R5PjwvaHRtbD4iID4gL3Zhci93d3cvaHRtbC9pbmRleC5odG1sCnl1bSBpbnN0YWxsIC15IGh0dHBkCnN5c3RlbWN0bCBzdGFydCBodHRwZApzeXN0ZW1jdGwgZW5hYmxlIGh0dHBk",
            "volume_tags": null,
            "vpc_security_group_ids": [
              "sg-05bebc4320515f0fd"
            ]
          },
          "private": "eyJlMmJmYjczMC1lY2FhLTExZTYtOGY4OC0zNDM2M2JjN2M0YzAiOnsiY3JlYXRlIjo2MDAwMDAwMDAwMDAsImRlbGV0ZSI6MTIwMDAwMDAwMDAwMCwidXBkYXRlIjo2MDAwMDAwMDAwMDB9LCJzY2hlbWFfdmVyc2lvbiI6IjEifQ==",
          "dependencies": [
            "aws_security_group.ec2-sec-group",
            "aws_subnet.gr-subnet-1",
            "aws_vpc.gr-vpc"
          ]
        }
      ]
    },
    {
      "mode": "managed",
      "type": "aws_internet_gateway",
      "name": "gr-gw",
      "provider": "provider.aws",
      "instances": [
        {
          "schema_version": 0,
          "attributes": {
            "arn": "arn:aws:ec2:us-east-1:192139457125:internet-gateway/igw-099adfb988b488820",
            "id": "igw-099adfb988b488820",
            "owner_id": "192139457125",
            "tags": {
              "Name": "gr-internet-gateway"
            },
            "vpc_id": "vpc-0f44139e5f3d7c31a"
          },
          "private": "bnVsbA==",
          "dependencies": [
            "aws_vpc.gr-vpc"
          ]
        }
      ]
    },
    {
      "mode": "managed",
      "type": "aws_key_pair",
      "name": "gr_key_pair",
      "provider": "provider.aws",
      "instances": [
        {
          "schema_version": 1,
          "attributes": {
            "arn": "arn:aws:ec2:us-east-1:192139457125:key-pair/gr_key_pair",
            "fingerprint": "6e:82:66:41:15:ab:cc:0b:6f:5b:a1:2b:21:bf:36:26",
            "id": "gr_key_pair",
            "key_name": "gr_key_pair",
            "key_name_prefix": null,
            "key_pair_id": "key-03ca7a80e406f9138",
            "public_key": "ssh-rsa AAAAB3NzaC1yc2EAAAADAQABAAABgQDHjcK92XrKtiTU2qwowkvz40B7hBdDEPAFxb1MyJ9VboJU7DHHfK8e6fk8XmQEncCrCvZcq6Z4y8oEou2OAfYcBF2r+05w7rpuD6z1/OCQ0IB7ZNghLmTHhz2PfQ1a7LvBNWYwUQLAlZb1CEuT9VX31EfpJhqPq9hANFYlH/E/GKt1X9Z+vPYnUVkmnJHhr2lAWWYB0Cx9ualwb+b5RwOLVPM3+loEW/sVITqCP7g1IHYLXfNx43l6yiScjJvFtfsbVPwoqWb91HT6nxr7Fxgk5J5hEJVNxabcVU6RRo5qUi/DU5pZVvFRFBPgRioSvLTHNcg7Uv/rJsUapDNoU/UlfHOIAqUYYAASkGSrMyCVMYSFvnU4QHdftzb+5XZdM35wQPyLkd2VLrMfPwwmUTQ/jpuOK5GCRknAEmQplyBAuqYkc1ta/u/Bl6clZkleBIVnF1gj1yzSOhSY2KbUKja7k6uO+NVN7kMUfJJQe5rRQLhpN7FHu9I6qjrCFAP7vVc= mukhammadaziz@Mukhammadazizs-MacBook-Pro.local",
            "tags": null
          },
          "private": "eyJzY2hlbWFfdmVyc2lvbiI6IjEifQ=="
        }
      ]
    },
    {
      "mode": "managed",
      "type": "aws_route_table",
      "name": "public_route",
      "provider": "provider.aws",
      "instances": [
        {
          "schema_version": 0,
          "attributes": {
            "arn": "arn:aws:ec2:us-east-1:192139457125:route-table/rtb-008c0384b48bc3b7f",
            "id": "rtb-008c0384b48bc3b7f",
            "owner_id": "192139457125",
            "propagating_vgws": [],
            "route": [],
            "tags": {
              "Name": "GR route table"
            },
            "vpc_id": "vpc-0f44139e5f3d7c31a"
          },
          "private": "bnVsbA==",
          "dependencies": [
            "aws_vpc.gr-vpc"
          ]
        }
      ]
    },
    {
      "mode": "managed",
      "type": "aws_route_table_association",
      "name": "public_assoc",
      "provider": "provider.aws",
      "instances": [
        {
          "schema_version": 0,
          "attributes": {
            "gateway_id": null,
            "id": "rtbassoc-00423966414c6cc63",
            "route_table_id": "rtb-008c0384b48bc3b7f",
            "subnet_id": "subnet-01af4bf1c2649b804"
          },
          "private": "bnVsbA==",
          "dependencies": [
            "aws_route_table.public_route",
            "aws_subnet.gr-subnet-1",
            "aws_vpc.gr-vpc"
          ]
        }
      ]
    },
    {
      "mode": "managed",
      "type": "aws_security_group",
      "name": "ec2-sec-group",
      "provider": "provider.aws",
      "instances": [
        {
          "schema_version": 1,
          "attributes": {
            "arn": "arn:aws:ec2:us-east-1:192139457125:security-group/sg-05bebc4320515f0fd",
            "description": "Allow SSH and HTTP traffic",
            "egress": [
              {
                "cidr_blocks": [
                  "0.0.0.0/0"
                ],
                "description": "",
                "from_port": 0,
                "ipv6_cidr_blocks": [],
                "prefix_list_ids": [],
                "protocol": "-1",
                "security_groups": [],
                "self": false,
                "to_port": 0
              }
            ],
            "id": "sg-05bebc4320515f0fd",
            "ingress": [
              {
                "cidr_blocks": [
                  "0.0.0.0/0"
                ],
                "description": "GR World",
                "from_port": 443,
                "ipv6_cidr_blocks": [],
                "prefix_list_ids": [],
                "protocol": "tcp",
                "security_groups": [],
                "self": false,
                "to_port": 443
              },
              {
                "cidr_blocks": [
                  "0.0.0.0/0"
                ],
                "description": "GR World",
                "from_port": 80,
                "ipv6_cidr_blocks": [],
                "prefix_list_ids": [],
                "protocol": "tcp",
                "security_groups": [],
                "self": false,
                "to_port": 80
              },
              {
                "cidr_blocks": [],
                "description": "GR World",
                "from_port": 0,
                "ipv6_cidr_blocks": [],
                "prefix_list_ids": [],
                "protocol": "-1",
                "security_groups": [],
                "self": false,
                "to_port": 0
              }
            ],
            "name": "ec2-sec-group",
            "name_prefix": "",
            "owner_id": "192139457125",
            "revoke_rules_on_delete": false,
            "tags": {
              "instance_name": "gr-instance",
              "name": "ec2-sec-group"
            },
            "timeouts": null,
            "vpc_id": "vpc-0f44139e5f3d7c31a"
          },
          "private": "eyJlMmJmYjczMC1lY2FhLTExZTYtOGY4OC0zNDM2M2JjN2M0YzAiOnsiY3JlYXRlIjo2MDAwMDAwMDAwMDAsImRlbGV0ZSI6OTAwMDAwMDAwMDAwfSwic2NoZW1hX3ZlcnNpb24iOiIxIn0=",
          "dependencies": [
            "aws_vpc.gr-vpc"
          ]
        }
      ]
    },
    {
      "mode": "managed",
      "type": "aws_subnet",
      "name": "gr-subnet-1",
      "provider": "provider.aws",
      "instances": [
        {
          "schema_version": 1,
          "attributes": {
            "arn": "arn:aws:ec2:us-east-1:192139457125:subnet/subnet-01af4bf1c2649b804",
            "assign_ipv6_address_on_creation": false,
            "availability_zone": "us-east-1a",
            "availability_zone_id": "use1-az6",
            "cidr_block": "10.0.0.0/16",
            "customer_owned_ipv4_pool": "",
            "id": "subnet-01af4bf1c2649b804",
            "ipv6_cidr_block": "",
            "ipv6_cidr_block_association_id": "",
            "map_customer_owned_ip_on_launch": false,
            "map_public_ip_on_launch": false,
            "outpost_arn": "",
            "owner_id": "192139457125",
            "tags": {
              "Name": "subnet-1"
            },
            "tags_all": {
              "Name": "subnet-1"
            },
            "timeouts": null,
            "vpc_id": "vpc-0f44139e5f3d7c31a"
          },
          "private": "eyJlMmJmYjczMC1lY2FhLTExZTYtOGY4OC0zNDM2M2JjN2M0YzAiOnsiY3JlYXRlIjo2MDAwMDAwMDAwMDAsImRlbGV0ZSI6MTIwMDAwMDAwMDAwMH0sInNjaGVtYV92ZXJzaW9uIjoiMSJ9",
          "dependencies": [
            "aws_vpc.gr-vpc"
          ]
        }
      ]
    },
    {
      "mode": "managed",
      "type": "aws_volume_attachment",
      "name": "gr-ebs",
      "provider": "provider.aws",
      "instances": [
        {
          "schema_version": 0,
          "attributes": {
            "device_name": "/dev/sdg",
            "force_detach": null,
            "id": "vai-473372626",
            "instance_id": "i-0ee1fdbad4d17c513",
            "skip_destroy": null,
            "volume_id": "vol-07bd860ef427ff178"
          },
          "private": "bnVsbA==",
          "dependencies": [
            "aws_ebs_volume.gr-ebc",
            "aws_instance.gr-instance",
            "aws_security_group.ec2-sec-group",
            "aws_subnet.gr-subnet-1",
            "aws_vpc.gr-vpc"
          ]
        }
      ]
    },
    {
      "mode": "managed",
      "type": "aws_vpc",
      "name": "gr-vpc",
      "provider": "provider.aws",
      "instances": [
        {
          "schema_version": 1,
          "attributes": {
            "arn": "arn:aws:ec2:us-east-1:192139457125:vpc/vpc-0f44139e5f3d7c31a",
            "assign_generated_ipv6_cidr_block": false,
            "cidr_block": "10.0.0.0/16",
            "default_network_acl_id": "acl-09296ef9c68a4f90f",
            "default_route_table_id": "rtb-0201aa7c743e256f6",
            "default_security_group_id": "sg-02402ab482d2c3ee0",
            "dhcp_options_id": "dopt-0fff6ab3bee10e6b1",
            "enable_classiclink": false,
            "enable_classiclink_dns_support": false,
            "enable_dns_hostnames": false,
            "enable_dns_support": true,
            "id": "vpc-0f44139e5f3d7c31a",
            "instance_tenancy": "default",
            "ipv6_association_id": "",
            "ipv6_cidr_block": "",
            "main_route_table_id": "rtb-0201aa7c743e256f6",
            "owner_id": "192139457125",
            "tags": {
              "Name": "gr-vpc"
            },
            "tags_all": {
              "Name": "gr-vpc"
            }
          },
          "private": "eyJzY2hlbWFfdmVyc2lvbiI6IjEifQ=="
        }
      ]
    }
  ]
}
